
Microsoft Visual Studio Solution File, Format Version 12.00
# Visual Studio Version 17
VisualStudioVersion = 17.4.33213.308
MinimumVisualStudioVersion = 10.0.40219.1
Project("{FAE04EC0-301F-11D3-BF4B-00C04F79EFBC}") = "foodanddrinkapp-backend", ".\foodanddrinkapp-api\foodanddrinkapp-backend.csproj", "{4BFD8D22-C0F6-437E-802C-26DC4A8EEC15}"
EndProject
Project("{FAE04EC0-301F-11D3-BF4B-00C04F79EFBC}") = "foodanddrinkapp-database", ".\foodanddrinkapp-database\foodanddrinkapp-database.csproj", "{0DE2EDB5-2222-4C41-96EA-AF34AEE3AA2D}"
EndProject
Global
	GlobalSection(SolutionConfigurationPlatforms) = preSolution
		Debug|Any CPU = Debug|Any CPU
		Release|Any CPU = Release|Any CPU
	EndGlobalSection
	GlobalSection(ProjectConfigurationPlatforms) = postSolution
		{4BFD8D22-C0F6-437E-802C-26DC4A8EEC15}.Debug|Any CPU.ActiveCfg = Debug|Any CPU
		{4BFD8D22-C0F6-437E-802C-26DC4A8EEC15}.Debug|Any CPU.Build.0 = Debug|Any CPU
		{4BFD8D22-C0F6-437E-802C-26DC4A8EEC15}.Release|Any CPU.ActiveCfg = Release|Any CPU
		{4BFD8D22-C0F6-437E-802C-26DC4A8EEC15}.Release|Any CPU.Build.0 = Release|Any CPU
		{0DE2EDB5-2222-4C41-96EA-AF34AEE3AA2D}.Debug|Any CPU.ActiveCfg = Debug|Any CPU
		{0DE2EDB5-2222-4C41-96EA-AF34AEE3AA2D}.Debug|Any CPU.Build.0 = Debug|Any CPU
		{0DE2EDB5-2222-4C41-96EA-AF34AEE3AA2D}.Release|Any CPU.ActiveCfg = Release|Any CPU
		{0DE2EDB5-2222-4C41-96EA-AF34AEE3AA2D}.Release|Any CPU.Build.0 = Release|Any CPU
	EndGlobalSection
	GlobalSection(SolutionProperties) = preSolution
		HideSolutionNode = FALSE
	EndGlobalSection
	GlobalSection(ExtensibilityGlobals) = postSolution
		SolutionGuid = {6D4DEC65-393B-4141-98B5-CFDB79A79971}
	EndGlobalSection
EndGlobal
